
Microsoft Visual Studio Solution File, Format Version 12.00
# Visual Studio Version 16
VisualStudioVersion = 16.0.30607.51
MinimumVisualStudioVersion = 10.0.40219.1
Project("{FAE04EC0-301F-11D3-BF4B-00C04F79EFBC}") = "AccountingNotebook.API", "AccountingNotebook.API\AccountingNotebook.API.csproj", "{EA1E18A1-0984-45B6-87CF-E4E40337E0D3}"
EndProject
Global
	GlobalSection(SolutionConfigurationPlatforms) = preSolution
		Debug|Any CPU = Debug|Any CPU
		Release|Any CPU = Release|Any CPU
	EndGlobalSection
	GlobalSection(ProjectConfigurationPlatforms) = postSolution
		{EA1E18A1-0984-45B6-87CF-E4E40337E0D3}.Debug|Any CPU.ActiveCfg = Debug|Any CPU
		{EA1E18A1-0984-45B6-87CF-E4E40337E0D3}.Debug|Any CPU.Build.0 = Debug|Any CPU
		{EA1E18A1-0984-45B6-87CF-E4E40337E0D3}.Release|Any CPU.ActiveCfg = Release|Any CPU
		{EA1E18A1-0984-45B6-87CF-E4E40337E0D3}.Release|Any CPU.Build.0 = Release|Any CPU
	EndGlobalSection
	GlobalSection(SolutionProperties) = preSolution
		HideSolutionNode = FALSE
	EndGlobalSection
	GlobalSection(ExtensibilityGlobals) = postSolution
		SolutionGuid = {63283A7A-445A-4731-A935-01B7BDFD6F52}
	EndGlobalSection
EndGlobal
